
Microsoft Visual Studio Solution File, Format Version 12.00
# Visual Studio Version 16
VisualStudioVersion = 16.0.31515.178
MinimumVisualStudioVersion = 10.0.40219.1
Project("{FAE04EC0-301F-11D3-BF4B-00C04F79EFBC}") = "University.web", "University.web\University.web.csproj", "{D9D5D55C-4B71-4F45-8F44-1B0EB4BF2306}"
EndProject
Project("{FAE04EC0-301F-11D3-BF4B-00C04F79EFBC}") = "University.BL", "University.BL\University.BL.csproj", "{4E20B269-A879-4D80-BFD7-F93B5A88A037}"
EndProject
Global
	GlobalSection(SolutionConfigurationPlatforms) = preSolution
		Debug|Any CPU = Debug|Any CPU
		Release|Any CPU = Release|Any CPU
	EndGlobalSection
	GlobalSection(ProjectConfigurationPlatforms) = postSolution
		{D9D5D55C-4B71-4F45-8F44-1B0EB4BF2306}.Debug|Any CPU.ActiveCfg = Debug|Any CPU
		{D9D5D55C-4B71-4F45-8F44-1B0EB4BF2306}.Debug|Any CPU.Build.0 = Debug|Any CPU
		{D9D5D55C-4B71-4F45-8F44-1B0EB4BF2306}.Release|Any CPU.ActiveCfg = Release|Any CPU
		{D9D5D55C-4B71-4F45-8F44-1B0EB4BF2306}.Release|Any CPU.Build.0 = Release|Any CPU
		{4E20B269-A879-4D80-BFD7-F93B5A88A037}.Debug|Any CPU.ActiveCfg = Debug|Any CPU
		{4E20B269-A879-4D80-BFD7-F93B5A88A037}.Debug|Any CPU.Build.0 = Debug|Any CPU
		{4E20B269-A879-4D80-BFD7-F93B5A88A037}.Release|Any CPU.ActiveCfg = Release|Any CPU
		{4E20B269-A879-4D80-BFD7-F93B5A88A037}.Release|Any CPU.Build.0 = Release|Any CPU
	EndGlobalSection
	GlobalSection(SolutionProperties) = preSolution
		HideSolutionNode = FALSE
	EndGlobalSection
	GlobalSection(ExtensibilityGlobals) = postSolution
		SolutionGuid = {9A9E790A-EA36-4EC7-8F42-5FC401DCAC84}
	EndGlobalSection
EndGlobal
